// !$*UTF8*$!
{
	archiveVersion = 1;
	classes = {
	};
	objectVersion = 48;
	objects = {

/* Begin PBXBuildFile section */
		D33143CF1FE24D9F00F88D49 /* AppDelegate.swift in Sources */ = {isa = PBXBuildFile; fileRef = D33143CE1FE24D9F00F88D49 /* AppDelegate.swift */; };
		D33143D11FE24D9F00F88D49 /* ViewController.swift in Sources */ = {isa = PBXBuildFile; fileRef = D33143D01FE24D9F00F88D49 /* ViewController.swift */; };
		D33143D41FE24D9F00F88D49 /* Main.storyboard in Resources */ = {isa = PBXBuildFile; fileRef = D33143D21FE24D9F00F88D49 /* Main.storyboard */; };
		D33143D71FE24D9F00F88D49 /* LearningExpress.xcdatamodeld in Sources */ = {isa = PBXBuildFile; fileRef = D33143D51FE24D9F00F88D49 /* LearningExpress.xcdatamodeld */; };
		D33143D91FE24D9F00F88D49 /* Assets.xcassets in Resources */ = {isa = PBXBuildFile; fileRef = D33143D81FE24D9F00F88D49 /* Assets.xcassets */; };
		D33143DC1FE24D9F00F88D49 /* LaunchScreen.storyboard in Resources */ = {isa = PBXBuildFile; fileRef = D33143DA1FE24D9F00F88D49 /* LaunchScreen.storyboard */; };
		D33143E71FE24D9F00F88D49 /* LearningExpressTests.swift in Sources */ = {isa = PBXBuildFile; fileRef = D33143E61FE24D9F00F88D49 /* LearningExpressTests.swift */; };
		D33143F21FE24D9F00F88D49 /* LearningExpressUITests.swift in Sources */ = {isa = PBXBuildFile; fileRef = D33143F11FE24D9F00F88D49 /* LearningExpressUITests.swift */; };
/* End PBXBuildFile section */

/* Begin PBXContainerItemProxy section */
		D33143E31FE24D9F00F88D49 /* PBXContainerItemProxy */ = {
			isa = PBXContainerItemProxy;
			containerPortal = D33143C31FE24D9F00F88D49 /* Project object */;
			proxyType = 1;
			remoteGlobalIDString = D33143CA1FE24D9F00F88D49;
			remoteInfo = LearningExpress;
		};
		D33143EE1FE24D9F00F88D49 /* PBXContainerItemProxy */ = {
			isa = PBXContainerItemProxy;
			containerPortal = D33143C31FE24D9F00F88D49 /* Project object */;
			proxyType = 1;
			remoteGlobalIDString = D33143CA1FE24D9F00F88D49;
			remoteInfo = LearningExpress;
		};
/* End PBXContainerItemProxy section */

/* Begin PBXFileReference section */
		D33143CB1FE24D9F00F88D49 /* LearningExpress.app */ = {isa = PBXFileReference; explicitFileType = wrapper.application; includeInIndex = 0; path = LearningExpress.app; sourceTree = BUILT_PRODUCTS_DIR; };
		D33143CE1FE24D9F00F88D49 /* AppDelegate.swift */ = {isa = PBXFileReference; lastKnownFileType = sourcecode.swift; path = AppDelegate.swift; sourceTree = "<group>"; };
		D33143D01FE24D9F00F88D49 /* ViewController.swift */ = {isa = PBXFileReference; lastKnownFileType = sourcecode.swift; path = ViewController.swift; sourceTree = "<group>"; };
		D33143D31FE24D9F00F88D49 /* Base */ = {isa = PBXFileReference; lastKnownFileType = file.storyboard; name = Base; path = Base.lproj/Main.storyboard; sourceTree = "<group>"; };
		D33143D61FE24D9F00F88D49 /* LearningExpress.xcdatamodel */ = {isa = PBXFileReference; lastKnownFileType = wrapper.xcdatamodel; path = LearningExpress.xcdatamodel; sourceTree = "<group>"; };
		D33143D81FE24D9F00F88D49 /* Assets.xcassets */ = {isa = PBXFileReference; lastKnownFileType = folder.assetcatalog; path = Assets.xcassets; sourceTree = "<group>"; };
		D33143DB1FE24D9F00F88D49 /* Base */ = {isa = PBXFileReference; lastKnownFileType = file.storyboard; name = Base; path = Base.lproj/LaunchScreen.storyboard; sourceTree = "<group>"; };
		D33143DD1FE24D9F00F88D49 /* Info.plist */ = {isa = PBXFileReference; lastKnownFileType = text.plist.xml; path = Info.plist; sourceTree = "<group>"; };
		D33143E21FE24D9F00F88D49 /* LearningExpressTests.xctest */ = {isa = PBXFileReference; explicitFileType = wrapper.cfbundle; includeInIndex = 0; path = LearningExpressTests.xctest; sourceTree = BUILT_PRODUCTS_DIR; };
		D33143E61FE24D9F00F88D49 /* LearningExpressTests.swift */ = {isa = PBXFileReference; lastKnownFileType = sourcecode.swift; path = LearningExpressTests.swift; sourceTree = "<group>"; };
		D33143E81FE24D9F00F88D49 /* Info.plist */ = {isa = PBXFileReference; lastKnownFileType = text.plist.xml; path = Info.plist; sourceTree = "<group>"; };
		D33143ED1FE24D9F00F88D49 /* LearningExpressUITests.xctest */ = {isa = PBXFileReference; explicitFileType = wrapper.cfbundle; includeInIndex = 0; path = LearningExpressUITests.xctest; sourceTree = BUILT_PRODUCTS_DIR; };
		D33143F11FE24D9F00F88D49 /* LearningExpressUITests.swift */ = {isa = PBXFileReference; lastKnownFileType = sourcecode.swift; path = LearningExpressUITests.swift; sourceTree = "<group>"; };
		D33143F31FE24D9F00F88D49 /* Info.plist */ = {isa = PBXFileReference; lastKnownFileType = text.plist.xml; path = Info.plist; sourceTree = "<group>"; };
/* End PBXFileReference section */

/* Begin PBXFrameworksBuildPhase section */
		D33143C81FE24D9F00F88D49 /* Frameworks */ = {
			isa = PBXFrameworksBuildPhase;
			buildActionMask = 2147483647;
			files = (
			);
			runOnlyForDeploymentPostprocessing = 0;
		};
		D33143DF1FE24D9F00F88D49 /* Frameworks */ = {
			isa = PBXFrameworksBuildPhase;
			buildActionMask = 2147483647;
			files = (
			);
			runOnlyForDeploymentPostprocessing = 0;
		};
		D33143EA1FE24D9F00F88D49 /* Frameworks */ = {
			isa = PBXFrameworksBuildPhase;
			buildActionMask = 2147483647;
			files = (
			);
			runOnlyForDeploymentPostprocessing = 0;
		};
/* End PBXFrameworksBuildPhase section */

/* Begin PBXGroup section */
		D33143C21FE24D9F00F88D49 = {
			isa = PBXGroup;
			children = (
				D33143CD1FE24D9F00F88D49 /* LearningExpress */,
				D33143E51FE24D9F00F88D49 /* LearningExpressTests */,
				D33143F01FE24D9F00F88D49 /* LearningExpressUITests */,
				D33143CC1FE24D9F00F88D49 /* Products */,
			);
			sourceTree = "<group>";
		};
		D33143CC1FE24D9F00F88D49 /* Products */ = {
			isa = PBXGroup;
			children = (
				D33143CB1FE24D9F00F88D49 /* LearningExpress.app */,
				D33143E21FE24D9F00F88D49 /* LearningExpressTests.xctest */,
				D33143ED1FE24D9F00F88D49 /* LearningExpressUITests.xctest */,
			);
			name = Products;
			sourceTree = "<group>";
		};
		D33143CD1FE24D9F00F88D49 /* LearningExpress */ = {
			isa = PBXGroup;
			children = (
				D33143CE1FE24D9F00F88D49 /* AppDelegate.swift */,
				D33143D01FE24D9F00F88D49 /* ViewController.swift */,
				D33143D21FE24D9F00F88D49 /* Main.storyboard */,
				D33143D81FE24D9F00F88D49 /* Assets.xcassets */,
				D33143DA1FE24D9F00F88D49 /* LaunchScreen.storyboard */,
				D33143DD1FE24D9F00F88D49 /* Info.plist */,
				D33143D51FE24D9F00F88D49 /* LearningExpress.xcdatamodeld */,
			);
			path = LearningExpress;
			sourceTree = "<group>";
		};
		D33143E51FE24D9F00F88D49 /* LearningExpressTests */ = {
			isa = PBXGroup;
			children = (
				D33143E61FE24D9F00F88D49 /* LearningExpressTests.swift */,
				D33143E81FE24D9F00F88D49 /* Info.plist */,
			);
			path = LearningExpressTests;
			sourceTree = "<group>";
		};
		D33143F01FE24D9F00F88D49 /* LearningExpressUITests */ = {
			isa = PBXGroup;
			children = (
				D33143F11FE24D9F00F88D49 /* LearningExpressUITests.swift */,
				D33143F31FE24D9F00F88D49 /* Info.plist */,
			);
			path = LearningExpressUITests;
			sourceTree = "<group>";
		};
/* End PBXGroup section */

/* Begin PBXNativeTarget section */
		D33143CA1FE24D9F00F88D49 /* LearningExpress */ = {
			isa = PBXNativeTarget;
			buildConfigurationList = D33143F61FE24D9F00F88D49 /* Build configuration list for PBXNativeTarget "LearningExpress" */;
			buildPhases = (
				D33143C71FE24D9F00F88D49 /* Sources */,
				D33143C81FE24D9F00F88D49 /* Frameworks */,
				D33143C91FE24D9F00F88D49 /* Resources */,
			);
			buildRules = (
			);
			dependencies = (
			);
			name = LearningExpress;
			productName = LearningExpress;
			productReference = D33143CB1FE24D9F00F88D49 /* LearningExpress.app */;
			productType = "com.apple.product-type.application";
		};
		D33143E11FE24D9F00F88D49 /* LearningExpressTests */ = {
			isa = PBXNativeTarget;
			buildConfigurationList = D33143F91FE24D9F00F88D49 /* Build configuration list for PBXNativeTarget "LearningExpressTests" */;
			buildPhases = (
				D33143DE1FE24D9F00F88D49 /* Sources */,
				D33143DF1FE24D9F00F88D49 /* Frameworks */,
				D33143E01FE24D9F00F88D49 /* Resources */,
			);
			buildRules = (
			);
			dependencies = (
				D33143E41FE24D9F00F88D49 /* PBXTargetDependency */,
			);
			name = LearningExpressTests;
			productName = LearningExpressTests;
			productReference = D33143E21FE24D9F00F88D49 /* LearningExpressTests.xctest */;
			productType = "com.apple.product-type.bundle.unit-test";
		};
		D33143EC1FE24D9F00F88D49 /* LearningExpressUITests */ = {
			isa = PBXNativeTarget;
			buildConfigurationList = D33143FC1FE24D9F00F88D49 /* Build configuration list for PBXNativeTarget "LearningExpressUITests" */;
			buildPhases = (
				D33143E91FE24D9F00F88D49 /* Sources */,
				D33143EA1FE24D9F00F88D49 /* Frameworks */,
				D33143EB1FE24D9F00F88D49 /* Resources */,
			);
			buildRules = (
			);
			dependencies = (
				D33143EF1FE24D9F00F88D49 /* PBXTargetDependency */,
			);
			name = LearningExpressUITests;
			productName = LearningExpressUITests;
			productReference = D33143ED1FE24D9F00F88D49 /* LearningExpressUITests.xctest */;
			productType = "com.apple.product-type.bundle.ui-testing";
		};
/* End PBXNativeTarget section */

/* Begin PBXProject section */
		D33143C31FE24D9F00F88D49 /* Project object */ = {
			isa = PBXProject;
			attributes = {
				LastSwiftUpdateCheck = 0900;
				LastUpgradeCheck = 0900;
				ORGANIZATIONNAME = CSC_Research;
				TargetAttributes = {
					D33143CA1FE24D9F00F88D49 = {
						CreatedOnToolsVersion = 9.0.1;
						ProvisioningStyle = Automatic;
					};
					D33143E11FE24D9F00F88D49 = {
						CreatedOnToolsVersion = 9.0.1;
						ProvisioningStyle = Automatic;
						TestTargetID = D33143CA1FE24D9F00F88D49;
					};
					D33143EC1FE24D9F00F88D49 = {
						CreatedOnToolsVersion = 9.0.1;
						ProvisioningStyle = Automatic;
						TestTargetID = D33143CA1FE24D9F00F88D49;
					};
				};
			};
			buildConfigurationList = D33143C61FE24D9F00F88D49 /* Build configuration list for PBXProject "LearningExpress" */;
			compatibilityVersion = "Xcode 8.0";
			developmentRegion = en;
			hasScannedForEncodings = 0;
			knownRegions = (
				en,
				Base,
			);
			mainGroup = D33143C21FE24D9F00F88D49;
			productRefGroup = D33143CC1FE24D9F00F88D49 /* Products */;
			projectDirPath = "";
			projectRoot = "";
			targets = (
				D33143CA1FE24D9F00F88D49 /* LearningExpress */,
				D33143E11FE24D9F00F88D49 /* LearningExpressTests */,
				D33143EC1FE24D9F00F88D49 /* LearningExpressUITests */,
			);
		};
/* End PBXProject section */

/* Begin PBXResourcesBuildPhase section */
		D33143C91FE24D9F00F88D49 /* Resources */ = {
			isa = PBXResourcesBuildPhase;
			buildActionMask = 2147483647;
			files = (
				D33143DC1FE24D9F00F88D49 /* LaunchScreen.storyboard in Resources */,
				D33143D91FE24D9F00F88D49 /* Assets.xcassets in Resources */,
				D33143D41FE24D9F00F88D49 /* Main.storyboard in Resources */,
			);
			runOnlyForDeploymentPostprocessing = 0;
		};
		D33143E01FE24D9F00F88D49 /* Resources */ = {
			isa = PBXResourcesBuildPhase;
			buildActionMask = 2147483647;
			files = (
			);
			runOnlyForDeploymentPostprocessing = 0;
		};
		D33143EB1FE24D9F00F88D49 /* Resources */ = {
			isa = PBXResourcesBuildPhase;
			buildActionMask = 2147483647;
			files = (
			);
			runOnlyForDeploymentPostprocessing = 0;
		};
/* End PBXResourcesBuildPhase section */

/* Begin PBXSourcesBuildPhase section */
		D33143C71FE24D9F00F88D49 /* Sources */ = {
			isa = PBXSourcesBuildPhase;
			buildActionMask = 2147483647;
			files = (
				D33143D71FE24D9F00F88D49 /* LearningExpress.xcdatamodeld in Sources */,
				D33143D11FE24D9F00F88D49 /* ViewController.swift in Sources */,
				D33143CF1FE24D9F00F88D49 /* AppDelegate.swift in Sources */,
			);
			runOnlyForDeploymentPostprocessing = 0;
		};
		D33143DE1FE24D9F00F88D49 /* Sources */ = {
			isa = PBXSourcesBuildPhase;
			buildActionMask = 2147483647;
			files = (
				D33143E71FE24D9F00F88D49 /* LearningExpressTests.swift in Sources */,
			);
			runOnlyForDeploymentPostprocessing = 0;
		};
		D33143E91FE24D9F00F88D49 /* Sources */ = {
			isa = PBXSourcesBuildPhase;
			buildActionMask = 2147483647;
			files = (
				D33143F21FE24D9F00F88D49 /* LearningExpressUITests.swift in Sources */,
			);
			runOnlyForDeploymentPostprocessing = 0;
		};
/* End PBXSourcesBuildPhase section */

/* Begin PBXTargetDependency section */
		D33143E41FE24D9F00F88D49 /* PBXTargetDependency */ = {
			isa = PBXTargetDependency;
			target = D33143CA1FE24D9F00F88D49 /* LearningExpress */;
			targetProxy = D33143E31FE24D9F00F88D49 /* PBXContainerItemProxy */;
		};
		D33143EF1FE24D9F00F88D49 /* PBXTargetDependency */ = {
			isa = PBXTargetDependency;
			target = D33143CA1FE24D9F00F88D49 /* LearningExpress */;
			targetProxy = D33143EE1FE24D9F00F88D49 /* PBXContainerItemProxy */;
		};
/* End PBXTargetDependency section */

/* Begin PBXVariantGroup section */
		D33143D21FE24D9F00F88D49 /* Main.storyboard */ = {
			isa = PBXVariantGroup;
			children = (
				D33143D31FE24D9F00F88D49 /* Base */,
			);
			name = Main.storyboard;
			sourceTree = "<group>";
		};
		D33143DA1FE24D9F00F88D49 /* LaunchScreen.storyboard */ = {
			isa = PBXVariantGroup;
			children = (
				D33143DB1FE24D9F00F88D49 /* Base */,
			);
			name = LaunchScreen.storyboard;
			sourceTree = "<group>";
		};
/* End PBXVariantGroup section */

/* Begin XCBuildConfiguration section */
		D33143F41FE24D9F00F88D49 /* Debug */ = {
			isa = XCBuildConfiguration;
			buildSettings = {
				ALWAYS_SEARCH_USER_PATHS = NO;
				CLANG_ANALYZER_NONNULL = YES;
				CLANG_ANALYZER_NUMBER_OBJECT_CONVERSION = YES_AGGRESSIVE;
				CLANG_CXX_LANGUAGE_STANDARD = "gnu++14";
				CLANG_CXX_LIBRARY = "libc++";
				CLANG_ENABLE_MODULES = YES;
				CLANG_ENABLE_OBJC_ARC = YES;
				CLANG_WARN_BLOCK_CAPTURE_AUTORELEASING = YES;
				CLANG_WARN_BOOL_CONVERSION = YES;
				CLANG_WARN_COMMA = YES;
				CLANG_WARN_CONSTANT_CONVERSION = YES;
				CLANG_WARN_DIRECT_OBJC_ISA_USAGE = YES_ERROR;
				CLANG_WARN_DOCUMENTATION_COMMENTS = YES;
				CLANG_WARN_EMPTY_BODY = YES;
				CLANG_WARN_ENUM_CONVERSION = YES;
				CLANG_WARN_INFINITE_RECURSION = YES;
				CLANG_WARN_INT_CONVERSION = YES;
				CLANG_WARN_NON_LITERAL_NULL_CONVERSION = YES;
				CLANG_WARN_OBJC_LITERAL_CONVERSION = YES;
				CLANG_WARN_OBJC_ROOT_CLASS = YES_ERROR;
				CLANG_WARN_RANGE_LOOP_ANALYSIS = YES;
				CLANG_WARN_STRICT_PROTOTYPES = YES;
				CLANG_WARN_SUSPICIOUS_MOVE = YES;
				CLANG_WARN_UNGUARDED_AVAILABILITY = YES_AGGRESSIVE;
				CLANG_WARN_UNREACHABLE_CODE = YES;
				CLANG_WARN__DUPLICATE_METHOD_MATCH = YES;
				CODE_SIGN_IDENTITY = "iPhone Developer";
				COPY_PHASE_STRIP = NO;
				DEBUG_INFORMATION_FORMAT = dwarf;
				ENABLE_STRICT_OBJC_MSGSEND = YES;
				ENABLE_TESTABILITY = YES;
				GCC_C_LANGUAGE_STANDARD = gnu11;
				GCC_DYNAMIC_NO_PIC = NO;
				GCC_NO_COMMON_BLOCKS = YES;
				GCC_OPTIMIZATION_LEVEL = 0;
				GCC_PREPROCESSOR_DEFINITIONS = (
					"DEBUG=1",
					"$(inherited)",
				);
				GCC_WARN_64_TO_32_BIT_CONVERSION = YES;
				GCC_WARN_ABOUT_RETURN_TYPE = YES_ERROR;
				GCC_WARN_UNDECLARED_SELECTOR = YES;
				GCC_WARN_UNINITIALIZED_AUTOS = YES_AGGRESSIVE;
				GCC_WARN_UNUSED_FUNCTION = YES;
				GCC_WARN_UNUSED_VARIABLE = YES;
				IPHONEOS_DEPLOYMENT_TARGET = 11.0;
				MTL_ENABLE_DEBUG_INFO = YES;
				ONLY_ACTIVE_ARCH = YES;
				SDKROOT = iphoneos;
				SWIFT_ACTIVE_COMPILATION_CONDITIONS = DEBUG;
				SWIFT_OPTIMIZATION_LEVEL = "-Onone";
			};
			name = Debug;
		};
		D33143F51FE24D9F00F88D49 /* Release */ = {
			isa = XCBuildConfiguration;
			buildSettings = {
				ALWAYS_SEARCH_USER_PATHS = NO;
				CLANG_ANALYZER_NONNULL = YES;
				CLANG_ANALYZER_NUMBER_OBJECT_CONVERSION = YES_AGGRESSIVE;
				CLANG_CXX_LANGUAGE_STANDARD = "gnu++14";
				CLANG_CXX_LIBRARY = "libc++";
				CLANG_ENABLE_MODULES = YES;
				CLANG_ENABLE_OBJC_ARC = YES;
				CLANG_WARN_BLOCK_CAPTURE_AUTORELEASING = YES;
				CLANG_WARN_BOOL_CONVERSION = YES;
				CLANG_WARN_COMMA = YES;
				CLANG_WARN_CONSTANT_CONVERSION = YES;
				CLANG_WARN_DIRECT_OBJC_ISA_USAGE = YES_ERROR;
				CLANG_WARN_DOCUMENTATION_COMMENTS = YES;
				CLANG_WARN_EMPTY_BODY = YES;
				CLANG_WARN_ENUM_CONVERSION = YES;
				CLANG_WARN_INFINITE_RECURSION = YES;
				CLANG_WARN_INT_CONVERSION = YES;
				CLANG_WARN_NON_LITERAL_NULL_CONVERSION = YES;
				CLANG_WARN_OBJC_LITERAL_CONVERSION = YES;
				CLANG_WARN_OBJC_ROOT_CLASS = YES_ERROR;
				CLANG_WARN_RANGE_LOOP_ANALYSIS = YES;
				CLANG_WARN_STRICT_PROTOTYPES = YES;
				CLANG_WARN_SUSPICIOUS_MOVE = YES;
				CLANG_WARN_UNGUARDED_AVAILABILITY = YES_AGGRESSIVE;
				CLANG_WARN_UNREACHABLE_CODE = YES;
				CLANG_WARN__DUPLICATE_METHOD_MATCH = YES;
				CODE_SIGN_IDENTITY = "iPhone Developer";
				COPY_PHASE_STRIP = NO;
				DEBUG_INFORMATION_FORMAT = "dwarf-with-dsym";
				ENABLE_NS_ASSERTIONS = NO;
				ENABLE_STRICT_OBJC_MSGSEND = YES;
				GCC_C_LANGUAGE_STANDARD = gnu11;
				GCC_NO_COMMON_BLOCKS = YES;
				GCC_WARN_64_TO_32_BIT_CONVERSION = YES;
				GCC_WARN_ABOUT_RETURN_TYPE = YES_ERROR;
				GCC_WARN_UNDECLARED_SELECTOR = YES;
				GCC_WARN_UNINITIALIZED_AUTOS = YES_AGGRESSIVE;
				GCC_WARN_UNUSED_FUNCTION = YES;
				GCC_WARN_UNUSED_VARIABLE = YES;
				IPHONEOS_DEPLOYMENT_TARGET = 11.0;
				MTL_ENABLE_DEBUG_INFO = NO;
				SDKROOT = iphoneos;
				SWIFT_OPTIMIZATION_LEVEL = "-Owholemodule";
				VALIDATE_PRODUCT = YES;
			};
			name = Release;
		};
		D33143F71FE24D9F00F88D49 /* Debug */ = {
			isa = XCBuildConfiguration;
			buildSettings = {
				ASSETCATALOG_COMPILER_APPICON_NAME = AppIcon;
				CODE_SIGN_STYLE = Automatic;
				DEVELOPMENT_TEAM = R6WF86E8HZ;
				INFOPLIST_FILE = LearningExpress/Info.plist;
				LD_RUNPATH_SEARCH_PATHS = "$(inherited) @executable_path/Frameworks";
				PRODUCT_BUNDLE_IDENTIFIER = LincolnUniversity.LearningExpress;
				PRODUCT_NAME = "$(TARGET_NAME)";
				SWIFT_VERSION = 4.0;
				TARGETED_DEVICE_FAMILY = "1,2";
			};
			name = Debug;
		};
		D33143F81FE24D9F00F88D49 /* Release */ = {
			isa = XCBuildConfiguration;
			buildSettings = {
				ASSETCATALOG_COMPILER_APPICON_NAME = AppIcon;
				CODE_SIGN_STYLE = Automatic;
				DEVELOPMENT_TEAM = R6WF86E8HZ;
				INFOPLIST_FILE = LearningExpress/Info.plist;
				LD_RUNPATH_SEARCH_PATHS = "$(inherited) @executable_path/Frameworks";
				PRODUCT_BUNDLE_IDENTIFIER = LincolnUniversity.LearningExpress;
				PRODUCT_NAME = "$(TARGET_NAME)";
				SWIFT_VERSION = 4.0;
				TARGETED_DEVICE_FAMILY = "1,2";
			};
			name = Release;
		};
		D33143FA1FE24D9F00F88D49 /* Debug */ = {
			isa = XCBuildConfiguration;
			buildSettings = {
				ALWAYS_EMBED_SWIFT_STANDARD_LIBRARIES = YES;
				BUNDLE_LOADER = "$(TEST_HOST)";
				CODE_SIGN_STYLE = Automatic;
				DEVELOPMENT_TEAM = R6WF86E8HZ;
				INFOPLIST_FILE = LearningExpressTests/Info.plist;
				LD_RUNPATH_SEARCH_PATHS = "$(inherited) @executable_path/Frameworks @loader_path/Frameworks";
				PRODUCT_BUNDLE_IDENTIFIER = LincolnUniversity.LearningExpressTests;
				PRODUCT_NAME = "$(TARGET_NAME)";
				SWIFT_VERSION = 4.0;
				TARGETED_DEVICE_FAMILY = "1,2";
				TEST_HOST = "$(BUILT_PRODUCTS_DIR)/LearningExpress.app/LearningExpress";
			};
			name = Debug;
		};
		D33143FB1FE24D9F00F88D49 /* Release */ = {
			isa = XCBuildConfiguration;
			buildSettings = {
				ALWAYS_EMBED_SWIFT_STANDARD_LIBRARIES = YES;
				BUNDLE_LOADER = "$(TEST_HOST)";
				CODE_SIGN_STYLE = Automatic;
				DEVELOPMENT_TEAM = R6WF86E8HZ;
				INFOPLIST_FILE = LearningExpressTests/Info.plist;
				LD_RUNPATH_SEARCH_PATHS = "$(inherited) @executable_path/Frameworks @loader_path/Frameworks";
				PRODUCT_BUNDLE_IDENTIFIER = LincolnUniversity.LearningExpressTests;
				PRODUCT_NAME = "$(TARGET_NAME)";
				SWIFT_VERSION = 4.0;
				TARGETED_DEVICE_FAMILY = "1,2";
				TEST_HOST = "$(BUILT_PRODUCTS_DIR)/LearningExpress.app/LearningExpress";
			};
			name = Release;
		};
		D33143FD1FE24D9F00F88D49 /* Debug */ = {
			isa = XCBuildConfiguration;
			buildSettings = {
				ALWAYS_EMBED_SWIFT_STANDARD_LIBRARIES = YES;
				CODE_SIGN_STYLE = Automatic;
				DEVELOPMENT_TEAM = R6WF86E8HZ;
				INFOPLIST_FILE = LearningExpressUITests/Info.plist;
				LD_RUNPATH_SEARCH_PATHS = "$(inherited) @executable_path/Frameworks @loader_path/Frameworks";
				PRODUCT_BUNDLE_IDENTIFIER = LincolnUniversity.LearningExpressUITests;
				PRODUCT_NAME = "$(TARGET_NAME)";
				SWIFT_VERSION = 4.0;
				TARGETED_DEVICE_FAMILY = "1,2";
				TEST_TARGET_NAME = LearningExpress;
			};
			name = Debug;
		};
		D33143FE1FE24D9F00F88D49 /* Release */ = {
			isa = XCBuildConfiguration;
			buildSettings = {
				ALWAYS_EMBED_SWIFT_STANDARD_LIBRARIES = YES;
				CODE_SIGN_STYLE = Automatic;
				DEVELOPMENT_TEAM = R6WF86E8HZ;
				INFOPLIST_FILE = LearningExpressUITests/Info.plist;
				LD_RUNPATH_SEARCH_PATHS = "$(inherited) @executable_path/Frameworks @loader_path/Frameworks";
				PRODUCT_BUNDLE_IDENTIFIER = LincolnUniversity.LearningExpressUITests;
				PRODUCT_NAME = "$(TARGET_NAME)";
				SWIFT_VERSION = 4.0;
				TARGETED_DEVICE_FAMILY = "1,2";
				TEST_TARGET_NAME = LearningExpress;
			};
			name = Release;
		};
/* End XCBuildConfiguration section */

/* Begin XCConfigurationList section */
		D33143C61FE24D9F00F88D49 /* Build configuration list for PBXProject "LearningExpress" */ = {
			isa = XCConfigurationList;
			buildConfigurations = (
				D33143F41FE24D9F00F88D49 /* Debug */,
				D33143F51FE24D9F00F88D49 /* Release */,
			);
			defaultConfigurationIsVisible = 0;
			defaultConfigurationName = Release;
		};
		D33143F61FE24D9F00F88D49 /* Build configuration list for PBXNativeTarget "LearningExpress" */ = {
			isa = XCConfigurationList;
			buildConfigurations = (
				D33143F71FE24D9F00F88D49 /* Debug */,
				D33143F81FE24D9F00F88D49 /* Release */,
			);
			defaultConfigurationIsVisible = 0;
			defaultConfigurationName = Release;
		};
		D33143F91FE24D9F00F88D49 /* Build configuration list for PBXNativeTarget "LearningExpressTests" */ = {
			isa = XCConfigurationList;
			buildConfigurations = (
				D33143FA1FE24D9F00F88D49 /* Debug */,
				D33143FB1FE24D9F00F88D49 /* Release */,
			);
			defaultConfigurationIsVisible = 0;
			defaultConfigurationName = Release;
		};
		D33143FC1FE24D9F00F88D49 /* Build configuration list for PBXNativeTarget "LearningExpressUITests" */ = {
			isa = XCConfigurationList;
			buildConfigurations = (
				D33143FD1FE24D9F00F88D49 /* Debug */,
				D33143FE1FE24D9F00F88D49 /* Release */,
			);
			defaultConfigurationIsVisible = 0;
			defaultConfigurationName = Release;
		};
/* End XCConfigurationList section */

/* Begin XCVersionGroup section */
		D33143D51FE24D9F00F88D49 /* LearningExpress.xcdatamodeld */ = {
			isa = XCVersionGroup;
			children = (
				D33143D61FE24D9F00F88D49 /* LearningExpress.xcdatamodel */,
			);
			currentVersion = D33143D61FE24D9F00F88D49 /* LearningExpress.xcdatamodel */;
			path = LearningExpress.xcdatamodeld;
			sourceTree = "<group>";
			versionGroupType = wrapper.xcdatamodel;
		};
/* End XCVersionGroup section */
	};
	rootObject = D33143C31FE24D9F00F88D49 /* Project object */;
}
